
Microsoft Visual Studio Solution File, Format Version 12.00
# Visual Studio 15
VisualStudioVersion = 15.0.27130.0
MinimumVisualStudioVersion = 10.0.40219.1
Project("{FAE04EC0-301F-11D3-BF4B-00C04F79EFBC}") = "Server", "Server\Server.csproj", "{2C913519-3ED9-4409-9D03-EB682EA5024B}"
	ProjectSection(ProjectDependencies) = postProject
		{9476EF6A-AF64-44C1-B58A-271ECD1990EE} = {9476EF6A-AF64-44C1-B58A-271ECD1990EE}
	EndProjectSection
EndProject
Project("{FAE04EC0-301F-11D3-BF4B-00C04F79EFBC}") = "Client", "Client\Client.csproj", "{A6EA7E78-FA81-434D-9A39-955FB4A6FE5A}"
	ProjectSection(ProjectDependencies) = postProject
		{9476EF6A-AF64-44C1-B58A-271ECD1990EE} = {9476EF6A-AF64-44C1-B58A-271ECD1990EE}
	EndProjectSection
EndProject
Project("{FAE04EC0-301F-11D3-BF4B-00C04F79EFBC}") = "Library", "Library\Library.csproj", "{9476EF6A-AF64-44C1-B58A-271ECD1990EE}"
EndProject
Global
	GlobalSection(SolutionConfigurationPlatforms) = preSolution
		Debug|Any CPU = Debug|Any CPU
		Release|Any CPU = Release|Any CPU
	EndGlobalSection
	GlobalSection(ProjectConfigurationPlatforms) = postSolution
		{2C913519-3ED9-4409-9D03-EB682EA5024B}.Debug|Any CPU.ActiveCfg = Debug|Any CPU
		{2C913519-3ED9-4409-9D03-EB682EA5024B}.Debug|Any CPU.Build.0 = Debug|Any CPU
		{2C913519-3ED9-4409-9D03-EB682EA5024B}.Release|Any CPU.ActiveCfg = Release|Any CPU
		{2C913519-3ED9-4409-9D03-EB682EA5024B}.Release|Any CPU.Build.0 = Release|Any CPU
		{A6EA7E78-FA81-434D-9A39-955FB4A6FE5A}.Debug|Any CPU.ActiveCfg = Debug|Any CPU
		{A6EA7E78-FA81-434D-9A39-955FB4A6FE5A}.Debug|Any CPU.Build.0 = Debug|Any CPU
		{A6EA7E78-FA81-434D-9A39-955FB4A6FE5A}.Release|Any CPU.ActiveCfg = Release|Any CPU
		{A6EA7E78-FA81-434D-9A39-955FB4A6FE5A}.Release|Any CPU.Build.0 = Release|Any CPU
		{9476EF6A-AF64-44C1-B58A-271ECD1990EE}.Debug|Any CPU.ActiveCfg = Debug|Any CPU
		{9476EF6A-AF64-44C1-B58A-271ECD1990EE}.Debug|Any CPU.Build.0 = Debug|Any CPU
		{9476EF6A-AF64-44C1-B58A-271ECD1990EE}.Release|Any CPU.ActiveCfg = Release|Any CPU
		{9476EF6A-AF64-44C1-B58A-271ECD1990EE}.Release|Any CPU.Build.0 = Release|Any CPU
	EndGlobalSection
	GlobalSection(SolutionProperties) = preSolution
		HideSolutionNode = FALSE
	EndGlobalSection
	GlobalSection(ExtensibilityGlobals) = postSolution
		SolutionGuid = {46CD2989-579E-4EAF-8882-59839901D256}
	EndGlobalSection
EndGlobal
